// !$*UTF8*$!
{
	archiveVersion = 1;
	classes = {
	};
	objectVersion = 46;
	objects = {

/* Begin PBXBuildFile section */
		110045DF1F6A589800D6AA60 /* BaseTabBarController.swift in Sources */ = {isa = PBXBuildFile; fileRef = 110045DE1F6A589800D6AA60 /* BaseTabBarController.swift */; };
		110045E11F6B1FA300D6AA60 /* AccountViewController.swift in Sources */ = {isa = PBXBuildFile; fileRef = 110045E01F6B1FA300D6AA60 /* AccountViewController.swift */; };
		110045E31F6B1FE300D6AA60 /* ResumeViewController.swift in Sources */ = {isa = PBXBuildFile; fileRef = 110045E21F6B1FE300D6AA60 /* ResumeViewController.swift */; };
		119087E51F5A245D009D87B3 /* AppDelegate.swift in Sources */ = {isa = PBXBuildFile; fileRef = 119087E41F5A245D009D87B3 /* AppDelegate.swift */; };
		119087E71F5A245D009D87B3 /* HomeController.swift in Sources */ = {isa = PBXBuildFile; fileRef = 119087E61F5A245D009D87B3 /* HomeController.swift */; };
		119087EA1F5A245D009D87B3 /* Main.storyboard in Resources */ = {isa = PBXBuildFile; fileRef = 119087E81F5A245D009D87B3 /* Main.storyboard */; };
		119087ED1F5A245D009D87B3 /* AskAway3.xcdatamodeld in Sources */ = {isa = PBXBuildFile; fileRef = 119087EB1F5A245D009D87B3 /* AskAway3.xcdatamodeld */; };
		119087EF1F5A245D009D87B3 /* Assets.xcassets in Resources */ = {isa = PBXBuildFile; fileRef = 119087EE1F5A245D009D87B3 /* Assets.xcassets */; };
		119087F21F5A245D009D87B3 /* LaunchScreen.storyboard in Resources */ = {isa = PBXBuildFile; fileRef = 119087F01F5A245D009D87B3 /* LaunchScreen.storyboard */; };
		119087FC1F5B7299009D87B3 /* GoogleService-Info.plist in Resources */ = {isa = PBXBuildFile; fileRef = 119087FB1F5B7299009D87B3 /* GoogleService-Info.plist */; };
		11F997AC1F5B8D22008C71B6 /* TableViewController.swift in Sources */ = {isa = PBXBuildFile; fileRef = 11F997AB1F5B8D22008C71B6 /* TableViewController.swift */; };
		D3B0A81BA6DAF30658B5C48D /* Pods_AskAway3.framework in Frameworks */ = {isa = PBXBuildFile; fileRef = B13C26662F36B0E6605DFEBB /* Pods_AskAway3.framework */; };
/* End PBXBuildFile section */

/* Begin PBXFileReference section */
		110045DE1F6A589800D6AA60 /* BaseTabBarController.swift */ = {isa = PBXFileReference; fileEncoding = 4; lastKnownFileType = sourcecode.swift; path = BaseTabBarController.swift; sourceTree = "<group>"; };
		110045E01F6B1FA300D6AA60 /* AccountViewController.swift */ = {isa = PBXFileReference; fileEncoding = 4; lastKnownFileType = sourcecode.swift; path = AccountViewController.swift; sourceTree = "<group>"; };
		110045E21F6B1FE300D6AA60 /* ResumeViewController.swift */ = {isa = PBXFileReference; fileEncoding = 4; lastKnownFileType = sourcecode.swift; path = ResumeViewController.swift; sourceTree = "<group>"; };
		119087E11F5A245D009D87B3 /* AskAway3.app */ = {isa = PBXFileReference; explicitFileType = wrapper.application; includeInIndex = 0; path = AskAway3.app; sourceTree = BUILT_PRODUCTS_DIR; };
		119087E41F5A245D009D87B3 /* AppDelegate.swift */ = {isa = PBXFileReference; lastKnownFileType = sourcecode.swift; path = AppDelegate.swift; sourceTree = "<group>"; };
		119087E61F5A245D009D87B3 /* HomeController.swift */ = {isa = PBXFileReference; lastKnownFileType = sourcecode.swift; path = HomeController.swift; sourceTree = "<group>"; };
		119087E91F5A245D009D87B3 /* Base */ = {isa = PBXFileReference; lastKnownFileType = file.storyboard; name = Base; path = Base.lproj/Main.storyboard; sourceTree = "<group>"; };
		119087EC1F5A245D009D87B3 /* AskAway3.xcdatamodel */ = {isa = PBXFileReference; lastKnownFileType = wrapper.xcdatamodel; path = AskAway3.xcdatamodel; sourceTree = "<group>"; };
		119087EE1F5A245D009D87B3 /* Assets.xcassets */ = {isa = PBXFileReference; lastKnownFileType = folder.assetcatalog; path = Assets.xcassets; sourceTree = "<group>"; };
		119087F11F5A245D009D87B3 /* Base */ = {isa = PBXFileReference; lastKnownFileType = file.storyboard; name = Base; path = Base.lproj/LaunchScreen.storyboard; sourceTree = "<group>"; };
		119087F31F5A245D009D87B3 /* Info.plist */ = {isa = PBXFileReference; lastKnownFileType = text.plist.xml; path = Info.plist; sourceTree = "<group>"; };
		119087FB1F5B7299009D87B3 /* GoogleService-Info.plist */ = {isa = PBXFileReference; fileEncoding = 4; lastKnownFileType = text.plist.xml; path = "GoogleService-Info.plist"; sourceTree = "<group>"; };
		11F997AB1F5B8D22008C71B6 /* TableViewController.swift */ = {isa = PBXFileReference; fileEncoding = 4; lastKnownFileType = sourcecode.swift; path = TableViewController.swift; sourceTree = "<group>"; };
		449C66CEDE60AAD0BBB3AB2D /* Pods-AskAway3.release.xcconfig */ = {isa = PBXFileReference; includeInIndex = 1; lastKnownFileType = text.xcconfig; name = "Pods-AskAway3.release.xcconfig"; path = "Pods/Target Support Files/Pods-AskAway3/Pods-AskAway3.release.xcconfig"; sourceTree = "<group>"; };
		B13C26662F36B0E6605DFEBB /* Pods_AskAway3.framework */ = {isa = PBXFileReference; explicitFileType = wrapper.framework; includeInIndex = 0; path = Pods_AskAway3.framework; sourceTree = BUILT_PRODUCTS_DIR; };
		F7E7261A7527D68171675A69 /* Pods-AskAway3.debug.xcconfig */ = {isa = PBXFileReference; includeInIndex = 1; lastKnownFileType = text.xcconfig; name = "Pods-AskAway3.debug.xcconfig"; path = "Pods/Target Support Files/Pods-AskAway3/Pods-AskAway3.debug.xcconfig"; sourceTree = "<group>"; };
/* End PBXFileReference section */

/* Begin PBXFrameworksBuildPhase section */
		119087DE1F5A245D009D87B3 /* Frameworks */ = {
			isa = PBXFrameworksBuildPhase;
			buildActionMask = 2147483647;
			files = (
				D3B0A81BA6DAF30658B5C48D /* Pods_AskAway3.framework in Frameworks */,
			);
			runOnlyForDeploymentPostprocessing = 0;
		};
/* End PBXFrameworksBuildPhase section */

/* Begin PBXGroup section */
		119087D81F5A245D009D87B3 = {
			isa = PBXGroup;
			children = (
				119087E31F5A245D009D87B3 /* AskAway3 */,
				119087E21F5A245D009D87B3 /* Products */,
				EB81DEC51E1A44FA3713A8B4 /* Pods */,
				A89AB9F457BBC3EBD7F9A9DE /* Frameworks */,
			);
			sourceTree = "<group>";
		};
		119087E21F5A245D009D87B3 /* Products */ = {
			isa = PBXGroup;
			children = (
				119087E11F5A245D009D87B3 /* AskAway3.app */,
			);
			name = Products;
			sourceTree = "<group>";
		};
		119087E31F5A245D009D87B3 /* AskAway3 */ = {
			isa = PBXGroup;
			children = (
				119087E41F5A245D009D87B3 /* AppDelegate.swift */,
				119087E61F5A245D009D87B3 /* HomeController.swift */,
				11F997AB1F5B8D22008C71B6 /* TableViewController.swift */,
				110045E21F6B1FE300D6AA60 /* ResumeViewController.swift */,
				110045E01F6B1FA300D6AA60 /* AccountViewController.swift */,
				110045DE1F6A589800D6AA60 /* BaseTabBarController.swift */,
				119087E81F5A245D009D87B3 /* Main.storyboard */,
				119087EE1F5A245D009D87B3 /* Assets.xcassets */,
				119087F01F5A245D009D87B3 /* LaunchScreen.storyboard */,
				119087F31F5A245D009D87B3 /* Info.plist */,
				119087EB1F5A245D009D87B3 /* AskAway3.xcdatamodeld */,
				119087FB1F5B7299009D87B3 /* GoogleService-Info.plist */,
			);
			path = AskAway3;
			sourceTree = "<group>";
		};
		A89AB9F457BBC3EBD7F9A9DE /* Frameworks */ = {
			isa = PBXGroup;
			children = (
				B13C26662F36B0E6605DFEBB /* Pods_AskAway3.framework */,
			);
			name = Frameworks;
			sourceTree = "<group>";
		};
		EB81DEC51E1A44FA3713A8B4 /* Pods */ = {
			isa = PBXGroup;
			children = (
				F7E7261A7527D68171675A69 /* Pods-AskAway3.debug.xcconfig */,
				449C66CEDE60AAD0BBB3AB2D /* Pods-AskAway3.release.xcconfig */,
			);
			name = Pods;
			sourceTree = "<group>";
		};
/* End PBXGroup section */

/* Begin PBXNativeTarget section */
		119087E01F5A245D009D87B3 /* AskAway3 */ = {
			isa = PBXNativeTarget;
			buildConfigurationList = 119087F61F5A245D009D87B3 /* Build configuration list for PBXNativeTarget "AskAway3" */;
			buildPhases = (
				7C1E5EEA0ACE15F138FC312F /* [CP] Check Pods Manifest.lock */,
				119087DD1F5A245D009D87B3 /* Sources */,
				119087DE1F5A245D009D87B3 /* Frameworks */,
				119087DF1F5A245D009D87B3 /* Resources */,
				DD7732A5C6ACDB6C7C4F0F64 /* [CP] Embed Pods Frameworks */,
				A51D25659FED73B973AF6E48 /* [CP] Copy Pods Resources */,
			);
			buildRules = (
			);
			dependencies = (
			);
			name = AskAway3;
			productName = AskAway3;
			productReference = 119087E11F5A245D009D87B3 /* AskAway3.app */;
			productType = "com.apple.product-type.application";
		};
/* End PBXNativeTarget section */

/* Begin PBXProject section */
		119087D91F5A245D009D87B3 /* Project object */ = {
			isa = PBXProject;
			attributes = {
				LastSwiftUpdateCheck = 0820;
				LastUpgradeCheck = 0820;
				ORGANIZATIONNAME = "Mohammad Shahzaib Ather";
				TargetAttributes = {
					119087E01F5A245D009D87B3 = {
						CreatedOnToolsVersion = 8.2.1;
						ProvisioningStyle = Automatic;
					};
				};
			};
			buildConfigurationList = 119087DC1F5A245D009D87B3 /* Build configuration list for PBXProject "AskAway3" */;
			compatibilityVersion = "Xcode 3.2";
			developmentRegion = English;
			hasScannedForEncodings = 0;
			knownRegions = (
				en,
				Base,
			);
			mainGroup = 119087D81F5A245D009D87B3;
			productRefGroup = 119087E21F5A245D009D87B3 /* Products */;
			projectDirPath = "";
			projectRoot = "";
			targets = (
				119087E01F5A245D009D87B3 /* AskAway3 */,
			);
		};
/* End PBXProject section */

/* Begin PBXResourcesBuildPhase section */
		119087DF1F5A245D009D87B3 /* Resources */ = {
			isa = PBXResourcesBuildPhase;
			buildActionMask = 2147483647;
			files = (
				119087F21F5A245D009D87B3 /* LaunchScreen.storyboard in Resources */,
				119087FC1F5B7299009D87B3 /* GoogleService-Info.plist in Resources */,
				119087EF1F5A245D009D87B3 /* Assets.xcassets in Resources */,
				119087EA1F5A245D009D87B3 /* Main.storyboard in Resources */,
			);
			runOnlyForDeploymentPostprocessing = 0;
		};
/* End PBXResourcesBuildPhase section */

/* Begin PBXShellScriptBuildPhase section */
		7C1E5EEA0ACE15F138FC312F /* [CP] Check Pods Manifest.lock */ = {
			isa = PBXShellScriptBuildPhase;
			buildActionMask = 2147483647;
			files = (
			);
			inputPaths = (
				"${PODS_PODFILE_DIR_PATH}/Podfile.lock",
				"${PODS_ROOT}/Manifest.lock",
			);
			name = "[CP] Check Pods Manifest.lock";
			outputPaths = (
				"$(DERIVED_FILE_DIR)/Pods-AskAway3-checkManifestLockResult.txt",
			);
			runOnlyForDeploymentPostprocessing = 0;
			shellPath = /bin/sh;
			shellScript = "diff \"${PODS_PODFILE_DIR_PATH}/Podfile.lock\" \"${PODS_ROOT}/Manifest.lock\" > /dev/null\nif [ $? != 0 ] ; then\n    # print error to STDERR\n    echo \"error: The sandbox is not in sync with the Podfile.lock. Run 'pod install' or update your CocoaPods installation.\" >&2\n    exit 1\nfi\n# This output is used by Xcode 'outputs' to avoid re-running this script phase.\necho \"SUCCESS\" > \"${SCRIPT_OUTPUT_FILE_0}\"\n";
			showEnvVarsInLog = 0;
		};
		A51D25659FED73B973AF6E48 /* [CP] Copy Pods Resources */ = {
			isa = PBXShellScriptBuildPhase;
			buildActionMask = 2147483647;
			files = (
			);
			inputPaths = (
			);
			name = "[CP] Copy Pods Resources";
			outputPaths = (
			);
			runOnlyForDeploymentPostprocessing = 0;
			shellPath = /bin/sh;
			shellScript = "\"${SRCROOT}/Pods/Target Support Files/Pods-AskAway3/Pods-AskAway3-resources.sh\"\n";
			showEnvVarsInLog = 0;
		};
		DD7732A5C6ACDB6C7C4F0F64 /* [CP] Embed Pods Frameworks */ = {
			isa = PBXShellScriptBuildPhase;
			buildActionMask = 2147483647;
			files = (
			);
			inputPaths = (
				"${SRCROOT}/Pods/Target Support Files/Pods-AskAway3/Pods-AskAway3-frameworks.sh",
				"${BUILT_PRODUCTS_DIR}/GTMSessionFetcher/GTMSessionFetcher.framework",
				"${BUILT_PRODUCTS_DIR}/GoogleToolboxForMac/GoogleToolboxForMac.framework",
				"${BUILT_PRODUCTS_DIR}/leveldb-library/leveldb.framework",
				"${BUILT_PRODUCTS_DIR}/nanopb/nanopb.framework",
			);
			name = "[CP] Embed Pods Frameworks";
			outputPaths = (
				"${TARGET_BUILD_DIR}/${FRAMEWORKS_FOLDER_PATH}/GTMSessionFetcher.framework",
				"${TARGET_BUILD_DIR}/${FRAMEWORKS_FOLDER_PATH}/GoogleToolboxForMac.framework",
				"${TARGET_BUILD_DIR}/${FRAMEWORKS_FOLDER_PATH}/leveldb.framework",
				"${TARGET_BUILD_DIR}/${FRAMEWORKS_FOLDER_PATH}/nanopb.framework",
			);
			runOnlyForDeploymentPostprocessing = 0;
			shellPath = /bin/sh;
			shellScript = "\"${SRCROOT}/Pods/Target Support Files/Pods-AskAway3/Pods-AskAway3-frameworks.sh\"\n";
			showEnvVarsInLog = 0;
		};
/* End PBXShellScriptBuildPhase section */

/* Begin PBXSourcesBuildPhase section */
		119087DD1F5A245D009D87B3 /* Sources */ = {
			isa = PBXSourcesBuildPhase;
			buildActionMask = 2147483647;
			files = (
				119087E71F5A245D009D87B3 /* HomeController.swift in Sources */,
				110045E31F6B1FE300D6AA60 /* ResumeViewController.swift in Sources */,
				119087ED1F5A245D009D87B3 /* AskAway3.xcdatamodeld in Sources */,
				110045E11F6B1FA300D6AA60 /* AccountViewController.swift in Sources */,
				110045DF1F6A589800D6AA60 /* BaseTabBarController.swift in Sources */,
				119087E51F5A245D009D87B3 /* AppDelegate.swift in Sources */,
				11F997AC1F5B8D22008C71B6 /* TableViewController.swift in Sources */,
			);
			runOnlyForDeploymentPostprocessing = 0;
		};
/* End PBXSourcesBuildPhase section */

/* Begin PBXVariantGroup section */
		119087E81F5A245D009D87B3 /* Main.storyboard */ = {
			isa = PBXVariantGroup;
			children = (
				119087E91F5A245D009D87B3 /* Base */,
			);
			name = Main.storyboard;
			sourceTree = "<group>";
		};
		119087F01F5A245D009D87B3 /* LaunchScreen.storyboard */ = {
			isa = PBXVariantGroup;
			children = (
				119087F11F5A245D009D87B3 /* Base */,
			);
			name = LaunchScreen.storyboard;
			sourceTree = "<group>";
		};
/* End PBXVariantGroup section */

/* Begin XCBuildConfiguration section */
		119087F41F5A245D009D87B3 /* Debug */ = {
			isa = XCBuildConfiguration;
			buildSettings = {
				ALWAYS_SEARCH_USER_PATHS = NO;
				CLANG_ANALYZER_NONNULL = YES;
				CLANG_CXX_LANGUAGE_STANDARD = "gnu++0x";
				CLANG_CXX_LIBRARY = "libc++";
				CLANG_ENABLE_MODULES = YES;
				CLANG_ENABLE_OBJC_ARC = YES;
				CLANG_WARN_BOOL_CONVERSION = YES;
				CLANG_WARN_CONSTANT_CONVERSION = YES;
				CLANG_WARN_DIRECT_OBJC_ISA_USAGE = YES_ERROR;
				CLANG_WARN_DOCUMENTATION_COMMENTS = YES;
				CLANG_WARN_EMPTY_BODY = YES;
				CLANG_WARN_ENUM_CONVERSION = YES;
				CLANG_WARN_INFINITE_RECURSION = YES;
				CLANG_WARN_INT_CONVERSION = YES;
				CLANG_WARN_OBJC_ROOT_CLASS = YES_ERROR;
				CLANG_WARN_SUSPICIOUS_MOVE = YES;
				CLANG_WARN_UNREACHABLE_CODE = YES;
				CLANG_WARN__DUPLICATE_METHOD_MATCH = YES;
				"CODE_SIGN_IDENTITY[sdk=iphoneos*]" = "iPhone Developer";
				COPY_PHASE_STRIP = NO;
				DEBUG_INFORMATION_FORMAT = dwarf;
				ENABLE_STRICT_OBJC_MSGSEND = YES;
				ENABLE_TESTABILITY = YES;
				GCC_C_LANGUAGE_STANDARD = gnu99;
				GCC_DYNAMIC_NO_PIC = NO;
				GCC_NO_COMMON_BLOCKS = YES;
				GCC_OPTIMIZATION_LEVEL = 0;
				GCC_PREPROCESSOR_DEFINITIONS = (
					"DEBUG=1",
					"$(inherited)",
				);
				GCC_WARN_64_TO_32_BIT_CONVERSION = YES;
				GCC_WARN_ABOUT_RETURN_TYPE = YES_ERROR;
				GCC_WARN_UNDECLARED_SELECTOR = YES;
				GCC_WARN_UNINITIALIZED_AUTOS = YES_AGGRESSIVE;
				GCC_WARN_UNUSED_FUNCTION = YES;
				GCC_WARN_UNUSED_VARIABLE = YES;
				IPHONEOS_DEPLOYMENT_TARGET = 10.2;
				MTL_ENABLE_DEBUG_INFO = YES;
				ONLY_ACTIVE_ARCH = YES;
				SDKROOT = iphoneos;
				SWIFT_ACTIVE_COMPILATION_CONDITIONS = DEBUG;
				SWIFT_OPTIMIZATION_LEVEL = "-Onone";
				TARGETED_DEVICE_FAMILY = "1,2";
			};
			name = Debug;
		};
		119087F51F5A245D009D87B3 /* Release */ = {
			isa = XCBuildConfiguration;
			buildSettings = {
				ALWAYS_SEARCH_USER_PATHS = NO;
				CLANG_ANALYZER_NONNULL = YES;
				CLANG_CXX_LANGUAGE_STANDARD = "gnu++0x";
				CLANG_CXX_LIBRARY = "libc++";
				CLANG_ENABLE_MODULES = YES;
				CLANG_ENABLE_OBJC_ARC = YES;
				CLANG_WARN_BOOL_CONVERSION = YES;
				CLANG_WARN_CONSTANT_CONVERSION = YES;
				CLANG_WARN_DIRECT_OBJC_ISA_USAGE = YES_ERROR;
				CLANG_WARN_DOCUMENTATION_COMMENTS = YES;
				CLANG_WARN_EMPTY_BODY = YES;
				CLANG_WARN_ENUM_CONVERSION = YES;
				CLANG_WARN_INFINITE_RECURSION = YES;
				CLANG_WARN_INT_CONVERSION = YES;
				CLANG_WARN_OBJC_ROOT_CLASS = YES_ERROR;
				CLANG_WARN_SUSPICIOUS_MOVE = YES;
				CLANG_WARN_UNREACHABLE_CODE = YES;
				CLANG_WARN__DUPLICATE_METHOD_MATCH = YES;
				"CODE_SIGN_IDENTITY[sdk=iphoneos*]" = "iPhone Developer";
				COPY_PHASE_STRIP = NO;
				DEBUG_INFORMATION_FORMAT = "dwarf-with-dsym";
				ENABLE_NS_ASSERTIONS = NO;
				ENABLE_STRICT_OBJC_MSGSEND = YES;
				GCC_C_LANGUAGE_STANDARD = gnu99;
				GCC_NO_COMMON_BLOCKS = YES;
				GCC_WARN_64_TO_32_BIT_CONVERSION = YES;
				GCC_WARN_ABOUT_RETURN_TYPE = YES_ERROR;
				GCC_WARN_UNDECLARED_SELECTOR = YES;
				GCC_WARN_UNINITIALIZED_AUTOS = YES_AGGRESSIVE;
				GCC_WARN_UNUSED_FUNCTION = YES;
				GCC_WARN_UNUSED_VARIABLE = YES;
				IPHONEOS_DEPLOYMENT_TARGET = 10.2;
				MTL_ENABLE_DEBUG_INFO = NO;
				SDKROOT = iphoneos;
				SWIFT_OPTIMIZATION_LEVEL = "-Owholemodule";
				TARGETED_DEVICE_FAMILY = "1,2";
				VALIDATE_PRODUCT = YES;
			};
			name = Release;
		};
		119087F71F5A245D009D87B3 /* Debug */ = {
			isa = XCBuildConfiguration;
			baseConfigurationReference = F7E7261A7527D68171675A69 /* Pods-AskAway3.debug.xcconfig */;
			buildSettings = {
				ASSETCATALOG_COMPILER_APPICON_NAME = AppIcon;
				INFOPLIST_FILE = AskAway3/Info.plist;
				LD_RUNPATH_SEARCH_PATHS = "$(inherited) @executable_path/Frameworks";
				PRODUCT_BUNDLE_IDENTIFIER = z.AskAway3;
				PRODUCT_NAME = "$(TARGET_NAME)";
				SWIFT_VERSION = 3.0;
			};
			name = Debug;
		};
		119087F81F5A245D009D87B3 /* Release */ = {
			isa = XCBuildConfiguration;
			baseConfigurationReference = 449C66CEDE60AAD0BBB3AB2D /* Pods-AskAway3.release.xcconfig */;
			buildSettings = {
				ASSETCATALOG_COMPILER_APPICON_NAME = AppIcon;
				INFOPLIST_FILE = AskAway3/Info.plist;
				LD_RUNPATH_SEARCH_PATHS = "$(inherited) @executable_path/Frameworks";
				PRODUCT_BUNDLE_IDENTIFIER = z.AskAway3;
				PRODUCT_NAME = "$(TARGET_NAME)";
				SWIFT_VERSION = 3.0;
			};
			name = Release;
		};
/* End XCBuildConfiguration section */

/* Begin XCConfigurationList section */
		119087DC1F5A245D009D87B3 /* Build configuration list for PBXProject "AskAway3" */ = {
			isa = XCConfigurationList;
			buildConfigurations = (
				119087F41F5A245D009D87B3 /* Debug */,
				119087F51F5A245D009D87B3 /* Release */,
			);
			defaultConfigurationIsVisible = 0;
			defaultConfigurationName = Release;
		};
		119087F61F5A245D009D87B3 /* Build configuration list for PBXNativeTarget "AskAway3" */ = {
			isa = XCConfigurationList;
			buildConfigurations = (
				119087F71F5A245D009D87B3 /* Debug */,
				119087F81F5A245D009D87B3 /* Release */,
			);
			defaultConfigurationIsVisible = 0;
			defaultConfigurationName = Release;
		};
/* End XCConfigurationList section */

/* Begin XCVersionGroup section */
		119087EB1F5A245D009D87B3 /* AskAway3.xcdatamodeld */ = {
			isa = XCVersionGroup;
			children = (
				119087EC1F5A245D009D87B3 /* AskAway3.xcdatamodel */,
			);
			currentVersion = 119087EC1F5A245D009D87B3 /* AskAway3.xcdatamodel */;
			path = AskAway3.xcdatamodeld;
			sourceTree = "<group>";
			versionGroupType = wrapper.xcdatamodel;
		};
/* End XCVersionGroup section */
	};
	rootObject = 119087D91F5A245D009D87B3 /* Project object */;
}
