// !$*UTF8*$!
{
	archiveVersion = 1;
	classes = {
	};
	objectVersion = 46;
	objects = {

/* Begin PBXBuildFile section */
		119087E51F5A245D009D87B3 /* AppDelegate.swift in Sources */ = {isa = PBXBuildFile; fileRef = 119087E41F5A245D009D87B3 /* AppDelegate.swift */; };
		119087E71F5A245D009D87B3 /* ViewController.swift in Sources */ = {isa = PBXBuildFile; fileRef = 119087E61F5A245D009D87B3 /* ViewController.swift */; };
		119087EA1F5A245D009D87B3 /* Main.storyboard in Resources */ = {isa = PBXBuildFile; fileRef = 119087E81F5A245D009D87B3 /* Main.storyboard */; };
		119087ED1F5A245D009D87B3 /* AskAway3.xcdatamodeld in Sources */ = {isa = PBXBuildFile; fileRef = 119087EB1F5A245D009D87B3 /* AskAway3.xcdatamodeld */; };
		119087EF1F5A245D009D87B3 /* Assets.xcassets in Resources */ = {isa = PBXBuildFile; fileRef = 119087EE1F5A245D009D87B3 /* Assets.xcassets */; };
		119087F21F5A245D009D87B3 /* LaunchScreen.storyboard in Resources */ = {isa = PBXBuildFile; fileRef = 119087F01F5A245D009D87B3 /* LaunchScreen.storyboard */; };
/* End PBXBuildFile section */

/* Begin PBXFileReference section */
		119087E11F5A245D009D87B3 /* AskAway3.app */ = {isa = PBXFileReference; explicitFileType = wrapper.application; includeInIndex = 0; path = AskAway3.app; sourceTree = BUILT_PRODUCTS_DIR; };
		119087E41F5A245D009D87B3 /* AppDelegate.swift */ = {isa = PBXFileReference; lastKnownFileType = sourcecode.swift; path = AppDelegate.swift; sourceTree = "<group>"; };
		119087E61F5A245D009D87B3 /* ViewController.swift */ = {isa = PBXFileReference; lastKnownFileType = sourcecode.swift; path = ViewController.swift; sourceTree = "<group>"; };
		119087E91F5A245D009D87B3 /* Base */ = {isa = PBXFileReference; lastKnownFileType = file.storyboard; name = Base; path = Base.lproj/Main.storyboard; sourceTree = "<group>"; };
		119087EC1F5A245D009D87B3 /* AskAway3.xcdatamodel */ = {isa = PBXFileReference; lastKnownFileType = wrapper.xcdatamodel; path = AskAway3.xcdatamodel; sourceTree = "<group>"; };
		119087EE1F5A245D009D87B3 /* Assets.xcassets */ = {isa = PBXFileReference; lastKnownFileType = folder.assetcatalog; path = Assets.xcassets; sourceTree = "<group>"; };
		119087F11F5A245D009D87B3 /* Base */ = {isa = PBXFileReference; lastKnownFileType = file.storyboard; name = Base; path = Base.lproj/LaunchScreen.storyboard; sourceTree = "<group>"; };
		119087F31F5A245D009D87B3 /* Info.plist */ = {isa = PBXFileReference; lastKnownFileType = text.plist.xml; path = Info.plist; sourceTree = "<group>"; };
/* End PBXFileReference section */

/* Begin PBXFrameworksBuildPhase section */
		119087DE1F5A245D009D87B3 /* Frameworks */ = {
			isa = PBXFrameworksBuildPhase;
			buildActionMask = 2147483647;
			files = (
			);
			runOnlyForDeploymentPostprocessing = 0;
		};
/* End PBXFrameworksBuildPhase section */

/* Begin PBXGroup section */
		119087D81F5A245D009D87B3 = {
			isa = PBXGroup;
			children = (
				119087E31F5A245D009D87B3 /* AskAway3 */,
				119087E21F5A245D009D87B3 /* Products */,
			);
			sourceTree = "<group>";
		};
		119087E21F5A245D009D87B3 /* Products */ = {
			isa = PBXGroup;
			children = (
				119087E11F5A245D009D87B3 /* AskAway3.app */,
			);
			name = Products;
			sourceTree = "<group>";
		};
		119087E31F5A245D009D87B3 /* AskAway3 */ = {
			isa = PBXGroup;
			children = (
				119087E41F5A245D009D87B3 /* AppDelegate.swift */,
				119087E61F5A245D009D87B3 /* ViewController.swift */,
				119087E81F5A245D009D87B3 /* Main.storyboard */,
				119087EE1F5A245D009D87B3 /* Assets.xcassets */,
				119087F01F5A245D009D87B3 /* LaunchScreen.storyboard */,
				119087F31F5A245D009D87B3 /* Info.plist */,
				119087EB1F5A245D009D87B3 /* AskAway3.xcdatamodeld */,
			);
			path = AskAway3;
			sourceTree = "<group>";
		};
/* End PBXGroup section */

/* Begin PBXNativeTarget section */
		119087E01F5A245D009D87B3 /* AskAway3 */ = {
			isa = PBXNativeTarget;
			buildConfigurationList = 119087F61F5A245D009D87B3 /* Build configuration list for PBXNativeTarget "AskAway3" */;
			buildPhases = (
				119087DD1F5A245D009D87B3 /* Sources */,
				119087DE1F5A245D009D87B3 /* Frameworks */,
				119087DF1F5A245D009D87B3 /* Resources */,
			);
			buildRules = (
			);
			dependencies = (
			);
			name = AskAway3;
			productName = AskAway3;
			productReference = 119087E11F5A245D009D87B3 /* AskAway3.app */;
			productType = "com.apple.product-type.application";
		};
/* End PBXNativeTarget section */

/* Begin PBXProject section */
		119087D91F5A245D009D87B3 /* Project object */ = {
			isa = PBXProject;
			attributes = {
				LastSwiftUpdateCheck = 0820;
				LastUpgradeCheck = 0820;
				ORGANIZATIONNAME = "Mohammad Shahzaib Ather";
				TargetAttributes = {
					119087E01F5A245D009D87B3 = {
						CreatedOnToolsVersion = 8.2.1;
						ProvisioningStyle = Automatic;
					};
				};
			};
			buildConfigurationList = 119087DC1F5A245D009D87B3 /* Build configuration list for PBXProject "AskAway3" */;
			compatibilityVersion = "Xcode 3.2";
			developmentRegion = English;
			hasScannedForEncodings = 0;
			knownRegions = (
				en,
				Base,
			);
			mainGroup = 119087D81F5A245D009D87B3;
			productRefGroup = 119087E21F5A245D009D87B3 /* Products */;
			projectDirPath = "";
			projectRoot = "";
			targets = (
				119087E01F5A245D009D87B3 /* AskAway3 */,
			);
		};
/* End PBXProject section */

/* Begin PBXResourcesBuildPhase section */
		119087DF1F5A245D009D87B3 /* Resources */ = {
			isa = PBXResourcesBuildPhase;
			buildActionMask = 2147483647;
			files = (
				119087F21F5A245D009D87B3 /* LaunchScreen.storyboard in Resources */,
				119087EF1F5A245D009D87B3 /* Assets.xcassets in Resources */,
				119087EA1F5A245D009D87B3 /* Main.storyboard in Resources */,
			);
			runOnlyForDeploymentPostprocessing = 0;
		};
/* End PBXResourcesBuildPhase section */

/* Begin PBXSourcesBuildPhase section */
		119087DD1F5A245D009D87B3 /* Sources */ = {
			isa = PBXSourcesBuildPhase;
			buildActionMask = 2147483647;
			files = (
				119087E71F5A245D009D87B3 /* ViewController.swift in Sources */,
				119087ED1F5A245D009D87B3 /* AskAway3.xcdatamodeld in Sources */,
				119087E51F5A245D009D87B3 /* AppDelegate.swift in Sources */,
			);
			runOnlyForDeploymentPostprocessing = 0;
		};
/* End PBXSourcesBuildPhase section */

/* Begin PBXVariantGroup section */
		119087E81F5A245D009D87B3 /* Main.storyboard */ = {
			isa = PBXVariantGroup;
			children = (
				119087E91F5A245D009D87B3 /* Base */,
			);
			name = Main.storyboard;
			sourceTree = "<group>";
		};
		119087F01F5A245D009D87B3 /* LaunchScreen.storyboard */ = {
			isa = PBXVariantGroup;
			children = (
				119087F11F5A245D009D87B3 /* Base */,
			);
			name = LaunchScreen.storyboard;
			sourceTree = "<group>";
		};
/* End PBXVariantGroup section */

/* Begin XCBuildConfiguration section */
		119087F41F5A245D009D87B3 /* Debug */ = {
			isa = XCBuildConfiguration;
			buildSettings = {
				ALWAYS_SEARCH_USER_PATHS = NO;
				CLANG_ANALYZER_NONNULL = YES;
				CLANG_CXX_LANGUAGE_STANDARD = "gnu++0x";
				CLANG_CXX_LIBRARY = "libc++";
				CLANG_ENABLE_MODULES = YES;
				CLANG_ENABLE_OBJC_ARC = YES;
				CLANG_WARN_BOOL_CONVERSION = YES;
				CLANG_WARN_CONSTANT_CONVERSION = YES;
				CLANG_WARN_DIRECT_OBJC_ISA_USAGE = YES_ERROR;
				CLANG_WARN_DOCUMENTATION_COMMENTS = YES;
				CLANG_WARN_EMPTY_BODY = YES;
				CLANG_WARN_ENUM_CONVERSION = YES;
				CLANG_WARN_INFINITE_RECURSION = YES;
				CLANG_WARN_INT_CONVERSION = YES;
				CLANG_WARN_OBJC_ROOT_CLASS = YES_ERROR;
				CLANG_WARN_SUSPICIOUS_MOVE = YES;
				CLANG_WARN_UNREACHABLE_CODE = YES;
				CLANG_WARN__DUPLICATE_METHOD_MATCH = YES;
				"CODE_SIGN_IDENTITY[sdk=iphoneos*]" = "iPhone Developer";
				COPY_PHASE_STRIP = NO;
				DEBUG_INFORMATION_FORMAT = dwarf;
				ENABLE_STRICT_OBJC_MSGSEND = YES;
				ENABLE_TESTABILITY = YES;
				GCC_C_LANGUAGE_STANDARD = gnu99;
				GCC_DYNAMIC_NO_PIC = NO;
				GCC_NO_COMMON_BLOCKS = YES;
				GCC_OPTIMIZATION_LEVEL = 0;
				GCC_PREPROCESSOR_DEFINITIONS = (
					"DEBUG=1",
					"$(inherited)",
				);
				GCC_WARN_64_TO_32_BIT_CONVERSION = YES;
				GCC_WARN_ABOUT_RETURN_TYPE = YES_ERROR;
				GCC_WARN_UNDECLARED_SELECTOR = YES;
				GCC_WARN_UNINITIALIZED_AUTOS = YES_AGGRESSIVE;
				GCC_WARN_UNUSED_FUNCTION = YES;
				GCC_WARN_UNUSED_VARIABLE = YES;
				IPHONEOS_DEPLOYMENT_TARGET = 10.2;
				MTL_ENABLE_DEBUG_INFO = YES;
				ONLY_ACTIVE_ARCH = YES;
				SDKROOT = iphoneos;
				SWIFT_ACTIVE_COMPILATION_CONDITIONS = DEBUG;
				SWIFT_OPTIMIZATION_LEVEL = "-Onone";
				TARGETED_DEVICE_FAMILY = "1,2";
			};
			name = Debug;
		};
		119087F51F5A245D009D87B3 /* Release */ = {
			isa = XCBuildConfiguration;
			buildSettings = {
				ALWAYS_SEARCH_USER_PATHS = NO;
				CLANG_ANALYZER_NONNULL = YES;
				CLANG_CXX_LANGUAGE_STANDARD = "gnu++0x";
				CLANG_CXX_LIBRARY = "libc++";
				CLANG_ENABLE_MODULES = YES;
				CLANG_ENABLE_OBJC_ARC = YES;
				CLANG_WARN_BOOL_CONVERSION = YES;
				CLANG_WARN_CONSTANT_CONVERSION = YES;
				CLANG_WARN_DIRECT_OBJC_ISA_USAGE = YES_ERROR;
				CLANG_WARN_DOCUMENTATION_COMMENTS = YES;
				CLANG_WARN_EMPTY_BODY = YES;
				CLANG_WARN_ENUM_CONVERSION = YES;
				CLANG_WARN_INFINITE_RECURSION = YES;
				CLANG_WARN_INT_CONVERSION = YES;
				CLANG_WARN_OBJC_ROOT_CLASS = YES_ERROR;
				CLANG_WARN_SUSPICIOUS_MOVE = YES;
				CLANG_WARN_UNREACHABLE_CODE = YES;
				CLANG_WARN__DUPLICATE_METHOD_MATCH = YES;
				"CODE_SIGN_IDENTITY[sdk=iphoneos*]" = "iPhone Developer";
				COPY_PHASE_STRIP = NO;
				DEBUG_INFORMATION_FORMAT = "dwarf-with-dsym";
				ENABLE_NS_ASSERTIONS = NO;
				ENABLE_STRICT_OBJC_MSGSEND = YES;
				GCC_C_LANGUAGE_STANDARD = gnu99;
				GCC_NO_COMMON_BLOCKS = YES;
				GCC_WARN_64_TO_32_BIT_CONVERSION = YES;
				GCC_WARN_ABOUT_RETURN_TYPE = YES_ERROR;
				GCC_WARN_UNDECLARED_SELECTOR = YES;
				GCC_WARN_UNINITIALIZED_AUTOS = YES_AGGRESSIVE;
				GCC_WARN_UNUSED_FUNCTION = YES;
				GCC_WARN_UNUSED_VARIABLE = YES;
				IPHONEOS_DEPLOYMENT_TARGET = 10.2;
				MTL_ENABLE_DEBUG_INFO = NO;
				SDKROOT = iphoneos;
				SWIFT_OPTIMIZATION_LEVEL = "-Owholemodule";
				TARGETED_DEVICE_FAMILY = "1,2";
				VALIDATE_PRODUCT = YES;
			};
			name = Release;
		};
		119087F71F5A245D009D87B3 /* Debug */ = {
			isa = XCBuildConfiguration;
			buildSettings = {
				ASSETCATALOG_COMPILER_APPICON_NAME = AppIcon;
				INFOPLIST_FILE = AskAway3/Info.plist;
				LD_RUNPATH_SEARCH_PATHS = "$(inherited) @executable_path/Frameworks";
				PRODUCT_BUNDLE_IDENTIFIER = z.AskAway3;
				PRODUCT_NAME = "$(TARGET_NAME)";
				SWIFT_VERSION = 3.0;
			};
			name = Debug;
		};
		119087F81F5A245D009D87B3 /* Release */ = {
			isa = XCBuildConfiguration;
			buildSettings = {
				ASSETCATALOG_COMPILER_APPICON_NAME = AppIcon;
				INFOPLIST_FILE = AskAway3/Info.plist;
				LD_RUNPATH_SEARCH_PATHS = "$(inherited) @executable_path/Frameworks";
				PRODUCT_BUNDLE_IDENTIFIER = z.AskAway3;
				PRODUCT_NAME = "$(TARGET_NAME)";
				SWIFT_VERSION = 3.0;
			};
			name = Release;
		};
/* End XCBuildConfiguration section */

/* Begin XCConfigurationList section */
		119087DC1F5A245D009D87B3 /* Build configuration list for PBXProject "AskAway3" */ = {
			isa = XCConfigurationList;
			buildConfigurations = (
				119087F41F5A245D009D87B3 /* Debug */,
				119087F51F5A245D009D87B3 /* Release */,
			);
			defaultConfigurationIsVisible = 0;
			defaultConfigurationName = Release;
		};
		119087F61F5A245D009D87B3 /* Build configuration list for PBXNativeTarget "AskAway3" */ = {
			isa = XCConfigurationList;
			buildConfigurations = (
				119087F71F5A245D009D87B3 /* Debug */,
				119087F81F5A245D009D87B3 /* Release */,
			);
			defaultConfigurationIsVisible = 0;
		};
/* End XCConfigurationList section */

/* Begin XCVersionGroup section */
		119087EB1F5A245D009D87B3 /* AskAway3.xcdatamodeld */ = {
			isa = XCVersionGroup;
			children = (
				119087EC1F5A245D009D87B3 /* AskAway3.xcdatamodel */,
			);
			currentVersion = 119087EC1F5A245D009D87B3 /* AskAway3.xcdatamodel */;
			path = AskAway3.xcdatamodeld;
			sourceTree = "<group>";
			versionGroupType = wrapper.xcdatamodel;
		};
/* End XCVersionGroup section */
	};
	rootObject = 119087D91F5A245D009D87B3 /* Project object */;
}
